
Microsoft Visual Studio Solution File, Format Version 12.00
# Visual Studio Version 17
VisualStudioVersion = 17.5.33516.290
MinimumVisualStudioVersion = 10.0.40219.1
Project("{FAE04EC0-301F-11D3-BF4B-00C04F79EFBC}") = "BaiThucHanhBuoi1", "BaiThucHanhBuoi1\BaiThucHanhBuoi1.csproj", "{8BF5CCF9-EEA4-4885-B5D6-0861E37C16F8}"
EndProject
Project("{FAE04EC0-301F-11D3-BF4B-00C04F79EFBC}") = "Bai2", "Bai2\Bai2.csproj", "{B6A2F260-6471-463D-BD68-161ED8E73B3A}"
EndProject
Project("{FAE04EC0-301F-11D3-BF4B-00C04F79EFBC}") = "BaiTapThietKeForm", "BaiTapThietKeForm\BaiTapThietKeForm.csproj", "{C30A7AFA-EE3B-4E42-94C2-64C6C608681C}"
EndProject
Global
	GlobalSection(SolutionConfigurationPlatforms) = preSolution
		Debug|Any CPU = Debug|Any CPU
		Release|Any CPU = Release|Any CPU
	EndGlobalSection
	GlobalSection(ProjectConfigurationPlatforms) = postSolution
		{8BF5CCF9-EEA4-4885-B5D6-0861E37C16F8}.Debug|Any CPU.ActiveCfg = Debug|Any CPU
		{8BF5CCF9-EEA4-4885-B5D6-0861E37C16F8}.Debug|Any CPU.Build.0 = Debug|Any CPU
		{8BF5CCF9-EEA4-4885-B5D6-0861E37C16F8}.Release|Any CPU.ActiveCfg = Release|Any CPU
		{8BF5CCF9-EEA4-4885-B5D6-0861E37C16F8}.Release|Any CPU.Build.0 = Release|Any CPU
		{B6A2F260-6471-463D-BD68-161ED8E73B3A}.Debug|Any CPU.ActiveCfg = Debug|Any CPU
		{B6A2F260-6471-463D-BD68-161ED8E73B3A}.Debug|Any CPU.Build.0 = Debug|Any CPU
		{B6A2F260-6471-463D-BD68-161ED8E73B3A}.Release|Any CPU.ActiveCfg = Release|Any CPU
		{B6A2F260-6471-463D-BD68-161ED8E73B3A}.Release|Any CPU.Build.0 = Release|Any CPU
		{C30A7AFA-EE3B-4E42-94C2-64C6C608681C}.Debug|Any CPU.ActiveCfg = Debug|Any CPU
		{C30A7AFA-EE3B-4E42-94C2-64C6C608681C}.Debug|Any CPU.Build.0 = Debug|Any CPU
		{C30A7AFA-EE3B-4E42-94C2-64C6C608681C}.Release|Any CPU.ActiveCfg = Release|Any CPU
		{C30A7AFA-EE3B-4E42-94C2-64C6C608681C}.Release|Any CPU.Build.0 = Release|Any CPU
	EndGlobalSection
	GlobalSection(SolutionProperties) = preSolution
		HideSolutionNode = FALSE
	EndGlobalSection
	GlobalSection(ExtensibilityGlobals) = postSolution
		SolutionGuid = {019BDA58-5D14-4B40-AA86-FAFBC2724E24}
	EndGlobalSection
EndGlobal
